
Microsoft Visual Studio Solution File, Format Version 12.00
# Visual Studio Version 17
VisualStudioVersion = 17.1.32228.430
MinimumVisualStudioVersion = 10.0.40219.1
Project("{FAE04EC0-301F-11D3-BF4B-00C04F79EFBC}") = "CountryCity", "CountryCity\CountryCity.csproj", "{48667F13-4BBC-46CA-AD4D-DA3FF15C4248}"
EndProject
Global
	GlobalSection(SolutionConfigurationPlatforms) = preSolution
		Debug|Any CPU = Debug|Any CPU
		Release|Any CPU = Release|Any CPU
	EndGlobalSection
	GlobalSection(ProjectConfigurationPlatforms) = postSolution
		{48667F13-4BBC-46CA-AD4D-DA3FF15C4248}.Debug|Any CPU.ActiveCfg = Debug|Any CPU
		{48667F13-4BBC-46CA-AD4D-DA3FF15C4248}.Debug|Any CPU.Build.0 = Debug|Any CPU
		{48667F13-4BBC-46CA-AD4D-DA3FF15C4248}.Release|Any CPU.ActiveCfg = Release|Any CPU
		{48667F13-4BBC-46CA-AD4D-DA3FF15C4248}.Release|Any CPU.Build.0 = Release|Any CPU
	EndGlobalSection
	GlobalSection(SolutionProperties) = preSolution
		HideSolutionNode = FALSE
	EndGlobalSection
	GlobalSection(ExtensibilityGlobals) = postSolution
		SolutionGuid = {DB244E26-0334-442B-B390-1A7DD9709FC8}
	EndGlobalSection
EndGlobal
